
Microsoft Visual Studio Solution File, Format Version 12.00
# Visual Studio Version 17
VisualStudioVersion = 17.2.32802.462
MinimumVisualStudioVersion = 10.0.40219.1
Project("{888888A0-9F3D-457C-B088-3A5042F75D52}") = "DjangoWebProject1", "DjangoWebProject1\DjangoWebProject1.pyproj", "{C91B0D7E-6D83-4194-8706-1A5E47F24A4B}"
EndProject
Global
	GlobalSection(SolutionConfigurationPlatforms) = preSolution
		Debug|Any CPU = Debug|Any CPU
		Release|Any CPU = Release|Any CPU
	EndGlobalSection
	GlobalSection(ProjectConfigurationPlatforms) = postSolution
		{C91B0D7E-6D83-4194-8706-1A5E47F24A4B}.Debug|Any CPU.ActiveCfg = Debug|Any CPU
		{C91B0D7E-6D83-4194-8706-1A5E47F24A4B}.Debug|Any CPU.Build.0 = Debug|Any CPU
		{C91B0D7E-6D83-4194-8706-1A5E47F24A4B}.Release|Any CPU.ActiveCfg = Release|Any CPU
		{C91B0D7E-6D83-4194-8706-1A5E47F24A4B}.Release|Any CPU.Build.0 = Release|Any CPU
	EndGlobalSection
	GlobalSection(SolutionProperties) = preSolution
		HideSolutionNode = FALSE
	EndGlobalSection
	GlobalSection(ExtensibilityGlobals) = postSolution
		SolutionGuid = {C428BB7D-527E-4311-9CCD-1080DD0935E2}
	EndGlobalSection
EndGlobal
